PODS:
  - Analytical (0.6.1):
    - Analytical/Core (= 0.6.1)
    - Analytical/Facebook (= 0.6.1)
    - Analytical/Flurry (= 0.6.1)
    - Analytical/Log (= 0.6.1)
    - Analytical/Mixpanel (= 0.6.1)
    - Analytical/Segment (= 0.6.1)
  - Analytical/Core (0.6.1)
  - Analytical/Facebook (0.6.1):
    - Analytical/Core
    - FBSDKCoreKit
  - Analytical/Flurry (0.6.1):
    - Analytical/Core
    - Flurry-iOS-SDK/FlurrySDK
  - Analytical/Log (0.6.1):
    - Analytical/Core
  - Analytical/Mixpanel (0.6.1):
    - Analytical/Core
    - Mixpanel-swift
  - Analytical/Segment (0.6.1):
    - Analytical/Core
    - Analytics
  - Analytics (3.6.8)
  - Answers (1.3.6):
    - Fabric (~> 1.6.3)
  - AppsFlyerFramework (4.8.1)
  - Bolts (1.8.4):
    - Bolts/AppLinks (= 1.8.4)
    - Bolts/Tasks (= 1.8.4)
  - Bolts/AppLinks (1.8.4):
    - Bolts/Tasks
  - Bolts/Tasks (1.8.4)
  - Fabric (1.6.13)
  - FBSDKCoreKit (4.28.0):
    - Bolts (~> 1.7)
  - Firebase/Core (4.6.0):
    - FirebaseAnalytics (= 4.0.5)
    - FirebaseCore (= 4.0.11)
  - FirebaseAnalytics (4.0.5):
    - FirebaseCore (~> 4.0)
    - FirebaseInstanceID (~> 2.0)
    - GoogleToolboxForMac/NSData+zlib (~> 2.1)
    - nanopb (~> 0.3)
  - FirebaseCore (4.0.11):
    - GoogleToolboxForMac/NSData+zlib (~> 2.1)
  - FirebaseInstanceID (2.0.6)
  - Flurry-iOS-SDK/FlurrySDK (8.3.2)
  - GoogleToolboxForMac/Defines (2.1.3)
  - GoogleToolboxForMac/NSData+zlib (2.1.3):
    - GoogleToolboxForMac/Defines (= 2.1.3)
  - Mixpanel-swift (2.2.2):
    - Mixpanel-swift/Complete (= 2.2.2)
  - Mixpanel-swift/Complete (2.2.2)
  - nanopb (0.3.8):
    - nanopb/decode (= 0.3.8)
    - nanopb/encode (= 0.3.8)
  - nanopb/decode (0.3.8)
  - nanopb/encode (0.3.8)

DEPENDENCIES:
  - Analytical (from `../`)
  - Answers
  - AppsFlyerFramework
  - Firebase/Core
  - Mixpanel-swift (from `https://github.com/mixpanel/mixpanel-swift.git`, branch `swift4`)

EXTERNAL SOURCES:
  Analytical:
    :path: ../
  Mixpanel-swift:
    :branch: swift4
    :git: https://github.com/mixpanel/mixpanel-swift.git

CHECKOUT OPTIONS:
  Mixpanel-swift:
    :commit: 405ec3cda00b78c96ed9e436faaf1e2e9084b919
    :git: https://github.com/mixpanel/mixpanel-swift.git

SPEC CHECKSUMS:
  Analytical: 5e9d3343c18b1e53ee55b9106a83648064989631
  Analytics: 6f00cff963ca3b9a4ffdfe3b6dc5564405431f60
  Answers: ef6af16bc75366334db6323a87f37ea54e2dab71
  AppsFlyerFramework: 4f6fe2b018e1c2ca4f390652f3548a8ee799a610
  Bolts: 8a7995239dbe724f9cba2248b766d48b7ebdd322
  Fabric: 2fb5676bc811af011a04513451f463dac6803206
  FBSDKCoreKit: ca961e279113f691fd83dc634c0bbad9d4e3f370
  Firebase: 27321a925aa85520618255a7c630859e0502ccbd
  FirebaseAnalytics: 5b02a63ead2c3f0259cfc7f15e053e440587ecf8
  FirebaseCore: 2a946ece8fbe3ce1fdeeb55324f273caade22df9
  FirebaseInstanceID: 24958382a1011bba5aaff37e334e7a650b9118f5
  Flurry-iOS-SDK: 499b7ac3b8d83dda274206c1f1f2335d3fab87f6
  GoogleToolboxForMac: 2501e2ad72a52eb3dfe7bd9aee7dad11b858bd20
  Mixpanel-swift: 2cd7aac92ad4e9ba2957479c6e6db9b9170944bb
  nanopb: 5601e6bca2dbf1ed831b519092ec110f66982ca3

PODFILE CHECKSUM: 6969c651f12773cad48d38dd9658a55af1cca0a5

COCOAPODS: 1.4.0.beta.2
