PODS:
  - Analytical (0.4.1):
    - Analytical/Core (= 0.4.1)
    - Analytical/Facebook (= 0.4.1)
    - Analytical/Flurry (= 0.4.1)
    - Analytical/Log (= 0.4.1)
    - Analytical/Mixpanel (= 0.4.1)
    - Analytical/Segment (= 0.4.1)
  - Analytical/Core (0.4.1)
  - Analytical/Facebook (0.4.1):
    - Analytical/Core
    - FBSDKCoreKit
  - Analytical/Flurry (0.4.1):
    - Analytical/Core
    - Flurry-iOS-SDK/FlurrySDK
  - Analytical/Log (0.4.1):
    - Analytical/Core
    - XCGLogger
  - Analytical/Mixpanel (0.4.1):
    - Analytical/Core
    - Mixpanel-swift
  - Analytical/Segment (0.4.1):
    - Analytical/Core
    - Analytics
  - Analytics (3.5.3)
  - Bolts (1.8.4):
    - Bolts/AppLinks (= 1.8.4)
    - Bolts/Tasks (= 1.8.4)
  - Bolts/AppLinks (1.8.4):
    - Bolts/Tasks
  - Bolts/Tasks (1.8.4)
  - FBSDKCoreKit (4.17.0):
    - Bolts (~> 1.7)
  - FirebaseAnalytics (3.5.1):
    - FirebaseCore (~> 3.4)
    - FirebaseInstanceID (~> 1.0)
    - GoogleInterchangeUtilities (~> 1.2)
    - GoogleSymbolUtilities (~> 1.1)
    - GoogleToolboxForMac/NSData+zlib (~> 2.1)
  - FirebaseCore (3.4.4):
    - GoogleInterchangeUtilities (~> 1.2)
    - GoogleToolboxForMac/NSData+zlib (~> 2.1)
  - FirebaseInstanceID (1.0.8)
  - Flurry-iOS-SDK/FlurrySDK (7.8.2)
  - Google/Analytics (3.0.3):
    - Google/Core
    - GoogleAnalytics (~> 3.12)
  - Google/Core (3.0.3):
    - FirebaseAnalytics (~> 3.2)
  - GoogleAnalytics (3.17.0)
  - GoogleInterchangeUtilities (1.2.2):
    - GoogleSymbolUtilities (~> 1.1)
  - GoogleSymbolUtilities (1.1.2)
  - GoogleToolboxForMac/Defines (2.1.0)
  - GoogleToolboxForMac/NSData+zlib (2.1.0):
    - GoogleToolboxForMac/Defines (= 2.1.0)
  - Mixpanel-swift (2.1.0)
  - Nimble (5.1.1)
  - Quick (0.10.0)
  - XCGLogger (4.0.0):
    - XCGLogger/Core (= 4.0.0)
  - XCGLogger/Core (4.0.0)

DEPENDENCIES:
  - Analytical (from `../`)
  - Google/Analytics
  - Nimble
  - Quick

EXTERNAL SOURCES:
  Analytical:
    :path: "../"

SPEC CHECKSUMS:
  Analytical: 150de8bd1539d2ad7037008242c1e755382535aa
  Analytics: e9f07fe57d1d5d14c47e72e719d1f30c6d0ec548
  Bolts: 8a7995239dbe724f9cba2248b766d48b7ebdd322
  FBSDKCoreKit: 30a21d2d7b92984b3d80497113433c00824c35e9
  FirebaseAnalytics: 6e58fc9b397664369ac7617fb0ba93fab6ba7b5b
  FirebaseCore: d0ed25f27b6f9158eccc439f1be6f92e81207e28
  FirebaseInstanceID: ba1e640935235e5fac39dfa816fe7660e72e1a8a
  Flurry-iOS-SDK: 8ed76252016d0162a893363c108a010ab97d424c
  Google: 813c467362eabc11385f5a5cc9ad0cb651a58f4e
  GoogleAnalytics: f42cc53a87a51fe94334821868d9c8481ff47a7b
  GoogleInterchangeUtilities: d5bc4d88d5b661ab72f9d70c58d02ca8c27ad1f7
  GoogleSymbolUtilities: 631ee17048aa5e9ab133470d768ea997a5ef9b96
  GoogleToolboxForMac: 2b2596cbb7186865e98cadf2b1e262d851c2b168
  Mixpanel-swift: 8bd335e85ea645dd5eacc1bb61f4b418fb4998d7
  Nimble: 415e3aa3267e7bc2c96b05fa814ddea7bb686a29
  Quick: 5d290df1c69d5ee2f0729956dcf0fd9a30447eaa
  XCGLogger: 38063ea89b4c8b23232d18efd2e12eb0005f3ea4

PODFILE CHECKSUM: 0a3b945d061b495b94d63ec543e37bbd126a13e9

COCOAPODS: 1.1.1
