PODS:
  - Adjust (4.17.2):
    - Adjust/Core (= 4.17.2)
  - Adjust/Core (4.17.2)
  - Analytical (0.9.1):
    - Analytical/Core (= 0.9.1)
    - Analytical/Facebook (= 0.9.1)
    - Analytical/Flurry (= 0.9.1)
    - Analytical/Log (= 0.9.1)
    - Analytical/Mixpanel (= 0.9.1)
    - Analytical/Segment (= 0.9.1)
  - Analytical/Core (0.9.1)
  - Analytical/Facebook (0.9.1):
    - Analytical/Core
    - FBSDKCoreKit
  - Analytical/Flurry (0.9.1):
    - Analytical/Core
    - Flurry-iOS-SDK/FlurrySDK
  - Analytical/Log (0.9.1):
    - Analytical/Core
  - Analytical/Mixpanel (0.9.1):
    - Analytical/Core
    - Mixpanel-swift
  - Analytical/Segment (0.9.1):
    - Analytical/Core
    - Analytics
  - Analytics (3.6.10)
  - AppsFlyerFramework (4.9.0)
  - Crashlytics (3.12.0):
    - Fabric (~> 1.9.0)
  - Fabric (1.9.0)
  - FBSDKCoreKit (5.0.0):
    - FBSDKCoreKit/Basics (= 5.0.0)
    - FBSDKCoreKit/Core (= 5.0.0)
  - FBSDKCoreKit/Basics (5.0.0)
  - FBSDKCoreKit/Core (5.0.0):
    - FBSDKCoreKit/Basics
  - Firebase/Core (5.20.2):
    - Firebase/CoreOnly
    - FirebaseAnalytics (= 5.8.1)
  - Firebase/CoreOnly (5.20.2):
    - FirebaseCore (= 5.4.1)
  - FirebaseAnalytics (5.8.1):
    - FirebaseCore (~> 5.4)
    - FirebaseInstanceID (~> 3.8)
    - GoogleAppMeasurement (= 5.8.1)
    - GoogleUtilities/AppDelegateSwizzler (~> 5.2)
    - GoogleUtilities/MethodSwizzler (~> 5.2)
    - GoogleUtilities/Network (~> 5.2)
    - "GoogleUtilities/NSData+zlib (~> 5.2)"
    - nanopb (~> 0.3)
  - FirebaseCore (5.4.1):
    - GoogleUtilities/Environment (~> 5.2)
    - GoogleUtilities/Logger (~> 5.2)
  - FirebaseInstanceID (3.8.1):
    - FirebaseCore (~> 5.2)
    - GoogleUtilities/Environment (~> 5.2)
    - GoogleUtilities/UserDefaults (~> 5.2)
  - Flurry-iOS-SDK/FlurrySDK (9.3.1)
  - GoogleAppMeasurement (5.8.1):
    - GoogleUtilities/AppDelegateSwizzler (~> 5.2)
    - GoogleUtilities/MethodSwizzler (~> 5.2)
    - GoogleUtilities/Network (~> 5.2)
    - "GoogleUtilities/NSData+zlib (~> 5.2)"
    - nanopb (~> 0.3)
  - GoogleUtilities/AppDelegateSwizzler (5.8.0):
    - GoogleUtilities/Environment
    - GoogleUtilities/Logger
    - GoogleUtilities/Network
  - GoogleUtilities/Environment (5.8.0)
  - GoogleUtilities/Logger (5.8.0):
    - GoogleUtilities/Environment
  - GoogleUtilities/MethodSwizzler (5.8.0):
    - GoogleUtilities/Logger
  - GoogleUtilities/Network (5.8.0):
    - GoogleUtilities/Logger
    - "GoogleUtilities/NSData+zlib"
    - GoogleUtilities/Reachability
  - "GoogleUtilities/NSData+zlib (5.8.0)"
  - GoogleUtilities/Reachability (5.8.0):
    - GoogleUtilities/Logger
  - GoogleUtilities/UserDefaults (5.8.0):
    - GoogleUtilities/Logger
  - Mixpanel-swift (2.6.2):
    - Mixpanel-swift/Complete (= 2.6.2)
  - Mixpanel-swift/Complete (2.6.2)
  - nanopb (0.3.901):
    - nanopb/decode (= 0.3.901)
    - nanopb/encode (= 0.3.901)
  - nanopb/decode (0.3.901)
  - nanopb/encode (0.3.901)
  - Smartlook (0.1.12)

DEPENDENCIES:
  - Adjust
  - Analytical (from `../`)
  - AppsFlyerFramework
  - Crashlytics
  - Fabric
  - Firebase/Core
  - Mixpanel-swift (from `https://github.com/mixpanel/mixpanel-swift.git`)
  - Smartlook

SPEC REPOS:
  https://github.com/cocoapods/specs.git:
    - Adjust
    - Analytics
    - AppsFlyerFramework
    - Crashlytics
    - Fabric
    - FBSDKCoreKit
    - Firebase
    - FirebaseAnalytics
    - FirebaseCore
    - FirebaseInstanceID
    - Flurry-iOS-SDK
    - GoogleAppMeasurement
    - GoogleUtilities
    - nanopb
    - Smartlook

EXTERNAL SOURCES:
  Analytical:
    :path: "../"
  Mixpanel-swift:
    :git: https://github.com/mixpanel/mixpanel-swift.git

CHECKOUT OPTIONS:
  Mixpanel-swift:
    :commit: 46e746dae9f34cb0de1dc1d943403658587d9b01
    :git: https://github.com/mixpanel/mixpanel-swift.git

SPEC CHECKSUMS:
  Adjust: 12ec935e78a5af3631a7ce7b3bef78315917636d
  Analytical: be4bf18fea464a21ba76633a98118dc566ae1b68
  Analytics: 63744ad4afa65c3bcdcdb7a94b62515bde5b3900
  AppsFlyerFramework: f57e5d590ad3124d3e594a76032a181bc91ec6cd
  Crashlytics: 07fb167b1694128c1c9a5a5cc319b0e9c3ca0933
  Fabric: f988e33c97f08930a413e08123064d2e5f68d655
  FBSDKCoreKit: ba361d4a9d4dc29ff218822b849b22d4f869c7bb
  Firebase: 0c8cf33f266410c61ab3e2265cfa412200351d9c
  FirebaseAnalytics: ece1aa57a4f43c64d53a648b5a5e05151aae947b
  FirebaseCore: f1a9a8be1aee4bf71a2fc0f4096df6788bdfda61
  FirebaseInstanceID: a122b0c258720cf250551bb2bedf48c699f80d90
  Flurry-iOS-SDK: 5d782d740c5e95389c327d38245b3db4bb471fd7
  GoogleAppMeasurement: ffe513e90551844a739e7bcbb1d2aca1c28a4338
  GoogleUtilities: 04fce34bcd5620c1ee76fb79172105c74a4df335
  Mixpanel-swift: eea98bb65fd80e992a9ecb3a0a421eca542ea72f
  nanopb: 2901f78ea1b7b4015c860c2fdd1ea2fee1a18d48
  Smartlook: f9be8dcb835d390031c10c9ade6caa793afb92f3

PODFILE CHECKSUM: ccfdb79e295b064958ce8dc362ea4e1768fdd230

COCOAPODS: 1.6.1
